
Microsoft Visual Studio Solution File, Format Version 12.00
# Visual Studio Version 17
VisualStudioVersion = 17.10.35004.147
MinimumVisualStudioVersion = 10.0.40219.1
Project("{FAE04EC0-301F-11D3-BF4B-00C04F79EFBC}") = "multitrabajos-historico", "multitrabajos-historico\multitrabajos-historico.csproj", "{A2E5B342-5948-4924-918B-0086CEBDF5D7}"
EndProject
Global
	GlobalSection(SolutionConfigurationPlatforms) = preSolution
		Debug|Any CPU = Debug|Any CPU
		Release|Any CPU = Release|Any CPU
	EndGlobalSection
	GlobalSection(ProjectConfigurationPlatforms) = postSolution
		{A2E5B342-5948-4924-918B-0086CEBDF5D7}.Debug|Any CPU.ActiveCfg = Debug|Any CPU
		{A2E5B342-5948-4924-918B-0086CEBDF5D7}.Debug|Any CPU.Build.0 = Debug|Any CPU
		{A2E5B342-5948-4924-918B-0086CEBDF5D7}.Release|Any CPU.ActiveCfg = Release|Any CPU
		{A2E5B342-5948-4924-918B-0086CEBDF5D7}.Release|Any CPU.Build.0 = Release|Any CPU
	EndGlobalSection
	GlobalSection(SolutionProperties) = preSolution
		HideSolutionNode = FALSE
	EndGlobalSection
	GlobalSection(ExtensibilityGlobals) = postSolution
		SolutionGuid = {CDC3D00F-5CFB-4C3F-AB3C-4CF53955D0F4}
	EndGlobalSection
EndGlobal
